
Microsoft Visual Studio Solution File, Format Version 12.00
# Visual Studio Version 17
VisualStudioVersion = 17.0.32112.339
MinimumVisualStudioVersion = 10.0.40219.1
Project("{FAE04EC0-301F-11D3-BF4B-00C04F79EFBC}") = "QuoteAPI", "QuoteAPI.csproj", "{7A1462D0-54B5-46AE-A2C6-7210C01DD29B}"
EndProject
Global
	GlobalSection(SolutionConfigurationPlatforms) = preSolution
		Debug|Any CPU = Debug|Any CPU
		Release|Any CPU = Release|Any CPU
	EndGlobalSection
	GlobalSection(ProjectConfigurationPlatforms) = postSolution
		{7A1462D0-54B5-46AE-A2C6-7210C01DD29B}.Debug|Any CPU.ActiveCfg = Debug|Any CPU
		{7A1462D0-54B5-46AE-A2C6-7210C01DD29B}.Debug|Any CPU.Build.0 = Debug|Any CPU
		{7A1462D0-54B5-46AE-A2C6-7210C01DD29B}.Release|Any CPU.ActiveCfg = Release|Any CPU
		{7A1462D0-54B5-46AE-A2C6-7210C01DD29B}.Release|Any CPU.Build.0 = Release|Any CPU
	EndGlobalSection
	GlobalSection(SolutionProperties) = preSolution
		HideSolutionNode = FALSE
	EndGlobalSection
	GlobalSection(ExtensibilityGlobals) = postSolution
		SolutionGuid = {817DE4A4-20B6-44A4-A034-A52F0047BED8}
	EndGlobalSection
EndGlobal
